<?xml version="1.0" encoding="utf-8"?>
<Project ToolsVersion="4.0" xmlns="http://schemas.microsoft.com/developer/msbuild/2003">
  <ItemGroup>
    <Filter Include="Fichiers sources">
      <UniqueIdentifier>{4FC737F1-C7A5-4376-A066-2A32D752A2FF}</UniqueIdentifier>
      <Extensions>cpp;c;cc;cxx;def;odl;idl;hpj;bat;asm;asmx</Extensions>
    </Filter>
    <Filter Include="Fichiers d%27en-tête">
      <UniqueIdentifier>{93995380-89BD-4b04-88EB-625FBE52EBFB}</UniqueIdentifier>
      <Extensions>h;hh;hpp;hxx;hm;inl;inc;xsd</Extensions>
    </Filter>
    <Filter Include="Fichiers de ressources">
      <UniqueIdentifier>{67DA6AB6-F800-4c08-8B7A-83BB121AAD01}</UniqueIdentifier>
      <Extensions>rc;ico;cur;bmp;dlg;rc2;rct;bin;rgs;gif;jpg;jpeg;jpe;resx;tiff;tif;png;wav;mfcribbon-ms</Extensions>
    </Filter>
    <Filter Include="Fichiers sources\Data">
      <UniqueIdentifier>{7f38afc4-82c5-43d8-bbe3-698b2f9bcbc9}</UniqueIdentifier>
    </Filter>
    <Filter Include="Fichiers sources\Entity">
      <UniqueIdentifier>{edf52e33-da1e-4446-b348-e26e8c1b8e4c}</UniqueIdentifier>
    </Filter>
    <Filter Include="Fichiers sources\Genrator">
      <UniqueIdentifier>{ec91e411-b361-47c8-bd62-73a13eeaddbb}</UniqueIdentifier>
    </Filter>
    <Filter Include="Fichiers sources\Entity\General">
      <UniqueIdentifier>{5d7ef4c9-e2af-4a16-92d4-6b838ffb4e8c}</UniqueIdentifier>
    </Filter>
  </ItemGroup>
  <ItemGroup>
    <ClCompile Include="main.cpp">
      <Filter>Fichiers sources</Filter>
    </ClCompile>
    <ClCompile Include="Game.cpp">
      <Filter>Fichiers sources</Filter>
    </ClCompile>
    <ClCompile Include="Level.cpp">
      <Filter>Fichiers sources</Filter>
    </ClCompile>
    <ClCompile Include="Map.cpp">
      <Filter>Fichiers sources</Filter>
    </ClCompile>
    <ClCompile Include="DataFile.cpp">
      <Filter>Fichiers sources\Data</Filter>
    </ClCompile>
    <ClCompile Include="FileManager.cpp">
      <Filter>Fichiers sources\Data</Filter>
    </ClCompile>
    <ClCompile Include="Soldier.cpp">
      <Filter>Fichiers sources\Entity</Filter>
    </ClCompile>
    <ClCompile Include="Player.cpp">
      <Filter>Fichiers sources\Entity</Filter>
    </ClCompile>
    <ClCompile Include="GroundCase.cpp">
      <Filter>Fichiers sources\Entity</Filter>
    </ClCompile>
    <ClCompile Include="Generator.cpp">
      <Filter>Fichiers sources\Genrator</Filter>
    </ClCompile>
    <ClCompile Include="SoldierGenerator.cpp">
      <Filter>Fichiers sources\Genrator</Filter>
    </ClCompile>
    <ClCompile Include="EntitiesManager.cpp">
      <Filter>Fichiers sources</Filter>
    </ClCompile>
    <ClCompile Include="Entity.cpp">
      <Filter>Fichiers sources\Entity\General</Filter>
    </ClCompile>
    <ClCompile Include="InteractEntity.cpp">
      <Filter>Fichiers sources\Entity\General</Filter>
    </ClCompile>
    <ClCompile Include="LivingEntity.cpp">
      <Filter>Fichiers sources\Entity\General</Filter>
    </ClCompile>
    <ClCompile Include="NeutralEntity.cpp">
      <Filter>Fichiers sources\Entity\General</Filter>
    </ClCompile>
    <ClCompile Include="TextureManager.cpp">
      <Filter>Fichiers sources\Data</Filter>
    </ClCompile>
  </ItemGroup>
  <ItemGroup>
    <ClInclude Include="Game.h">
      <Filter>Fichiers sources</Filter>
    </ClInclude>
    <ClInclude Include="Level.h">
      <Filter>Fichiers sources</Filter>
    </ClInclude>
    <ClInclude Include="Map.h">
      <Filter>Fichiers sources</Filter>
    </ClInclude>
    <ClInclude Include="Prototype.h">
      <Filter>Fichiers sources</Filter>
    </ClInclude>
    <ClInclude Include="DataFile.h">
      <Filter>Fichiers sources\Data</Filter>
    </ClInclude>
    <ClInclude Include="FileManager.h">
      <Filter>Fichiers sources\Data</Filter>
    </ClInclude>
    <ClInclude Include="Soldier.h">
      <Filter>Fichiers sources\Entity</Filter>
    </ClInclude>
    <ClInclude Include="Player.h">
      <Filter>Fichiers sources\Entity</Filter>
    </ClInclude>
    <ClInclude Include="GroundCase.h">
      <Filter>Fichiers sources\Entity</Filter>
    </ClInclude>
    <ClInclude Include="Generator.h">
      <Filter>Fichiers sources\Genrator</Filter>
    </ClInclude>
    <ClInclude Include="SoldierGenerator.h">
      <Filter>Fichiers sources\Genrator</Filter>
    </ClInclude>
    <ClInclude Include="EntitiesManager.h">
      <Filter>Fichiers sources</Filter>
    </ClInclude>
    <ClInclude Include="Entity.h">
      <Filter>Fichiers sources\Entity\General</Filter>
    </ClInclude>
    <ClInclude Include="InteractEntity.h">
      <Filter>Fichiers sources\Entity\General</Filter>
    </ClInclude>
    <ClInclude Include="LivingEntity.h">
      <Filter>Fichiers sources\Entity\General</Filter>
    </ClInclude>
    <ClInclude Include="NeutralEntity.h">
      <Filter>Fichiers sources\Entity\General</Filter>
    </ClInclude>
    <ClInclude Include="TextureManager.h">
      <Filter>Fichiers sources\Data</Filter>
    </ClInclude>
  </ItemGroup>
  <ItemGroup>
    <None Include="ClassDiagram.cd" />
    <None Include="ClassDiagram1.cd" />
  </ItemGroup>
</Project>